
Microsoft Visual Studio Solution File, Format Version 12.00
# Visual Studio Version 17
VisualStudioVersion = 17.11.35219.272
MinimumVisualStudioVersion = 10.0.40219.1
Project("{8BC9CEB8-8B4A-11D0-8D11-00A0C91BC942}") = "multikb", "multikb.vcxproj", "{D4556282-0728-49C7-BFC1-B40951EC7109}"
EndProject
Global
	GlobalSection(SolutionConfigurationPlatforms) = preSolution
		Debug|x64 = Debug|x64
		Debug|x86 = Debug|x86
		Release|x64 = Release|x64
		Release|x86 = Release|x86
	EndGlobalSection
	GlobalSection(ProjectConfigurationPlatforms) = postSolution
		{D4556282-0728-49C7-BFC1-B40951EC7109}.Debug|x64.ActiveCfg = Debug|x64
		{D4556282-0728-49C7-BFC1-B40951EC7109}.Debug|x64.Build.0 = Debug|x64
		{D4556282-0728-49C7-BFC1-B40951EC7109}.Debug|x86.ActiveCfg = Debug|Win32
		{D4556282-0728-49C7-BFC1-B40951EC7109}.Debug|x86.Build.0 = Debug|Win32
		{D4556282-0728-49C7-BFC1-B40951EC7109}.Release|x64.ActiveCfg = Release|x64
		{D4556282-0728-49C7-BFC1-B40951EC7109}.Release|x64.Build.0 = Release|x64
		{D4556282-0728-49C7-BFC1-B40951EC7109}.Release|x86.ActiveCfg = Release|Win32
		{D4556282-0728-49C7-BFC1-B40951EC7109}.Release|x86.Build.0 = Release|Win32
	EndGlobalSection
	GlobalSection(SolutionProperties) = preSolution
		HideSolutionNode = FALSE
	EndGlobalSection
	GlobalSection(ExtensibilityGlobals) = postSolution
		SolutionGuid = {549E2105-84CC-43D2-816C-58BD81235137}
	EndGlobalSection
EndGlobal
